
Microsoft Visual Studio Solution File, Format Version 12.00
# Visual Studio Version 16
VisualStudioVersion = 16.0.30204.135
MinimumVisualStudioVersion = 10.0.40219.1
Project("{FAE04EC0-301F-11D3-BF4B-00C04F79EFBC}") = "Zachet", "Zachet\Zachet.csproj", "{BA60AA1A-F75C-41C5-8053-CF6E7676B7F2}"
EndProject
Global
	GlobalSection(SolutionConfigurationPlatforms) = preSolution
		Debug|Any CPU = Debug|Any CPU
		Release|Any CPU = Release|Any CPU
	EndGlobalSection
	GlobalSection(ProjectConfigurationPlatforms) = postSolution
		{BA60AA1A-F75C-41C5-8053-CF6E7676B7F2}.Debug|Any CPU.ActiveCfg = Debug|Any CPU
		{BA60AA1A-F75C-41C5-8053-CF6E7676B7F2}.Debug|Any CPU.Build.0 = Debug|Any CPU
		{BA60AA1A-F75C-41C5-8053-CF6E7676B7F2}.Release|Any CPU.ActiveCfg = Release|Any CPU
		{BA60AA1A-F75C-41C5-8053-CF6E7676B7F2}.Release|Any CPU.Build.0 = Release|Any CPU
	EndGlobalSection
	GlobalSection(SolutionProperties) = preSolution
		HideSolutionNode = FALSE
	EndGlobalSection
	GlobalSection(ExtensibilityGlobals) = postSolution
		SolutionGuid = {E0295D1F-3029-48A8-B1EB-D99066F8316D}
	EndGlobalSection
EndGlobal
